
Microsoft Visual Studio Solution File, Format Version 12.00
# Visual Studio Version 17
VisualStudioVersion = 17.10.35027.167
MinimumVisualStudioVersion = 10.0.40219.1
Project("{9A19103F-16F7-4668-BE54-9A1E7A4F7556}") = "Abstract.CodeProcess", "Abstract.CodeProcess\Abstract.CodeProcess.csproj", "{B14A8944-BFA1-4DED-8879-5AF457BEF683}"
EndProject
Project("{9A19103F-16F7-4668-BE54-9A1E7A4F7556}") = "Abstract.Resources", "Abstract.Resources\Abstract.Resources.csproj", "{33D3ABC6-11FB-4B6A-84BD-24FC700A51C4}"
EndProject
Project("{9A19103F-16F7-4668-BE54-9A1E7A4F7556}") = "Abstract.Cli", "Abstract.Cli\Abstract.Cli.csproj", "{D72DB715-83E2-4BFA-9A7F-E81B759E3D12}"
EndProject
Project("{FAE04EC0-301F-11D3-BF4B-00C04F79EFBC}") = "Abstract.Realizer", "Abstract.Realizer\Abstract.Realizer\Abstract.Realizer.csproj", "{E669E8A8-3B10-4862-AC02-701043BE80E3}"
EndProject
Project("{2150E333-8FDC-42A3-9474-1A3956D46DE8}") = "Module", "Module", "{86A86F49-4DC9-4B60-B456-49EDB8D74908}"
EndProject
Project("{FAE04EC0-301F-11D3-BF4B-00C04F79EFBC}") = "Abstract.Module.Core", "Module\Abstract.Module.Core\Abstract.Module.Core.csproj", "{F0A306D9-4849-458B-AABB-EE35C454C9F4}"
EndProject
Project("{FAE04EC0-301F-11D3-BF4B-00C04F79EFBC}") = "Abstract.Module.Wasm", "Module\target-wasm\Abstract.Module.Wasm\Abstract.Module.Wasm.csproj", "{49974243-E407-488B-A5A6-4CDFE35F75B1}"
EndProject
Project("{2150E333-8FDC-42A3-9474-1A3956D46DE8}") = "Dependencies", "Dependencies", "{7C33F4F0-BE01-4E7E-8919-95BA9B4574B4}"
EndProject
Project("{FAE04EC0-301F-11D3-BF4B-00C04F79EFBC}") = "WasmSharp.Core", "Module\target-wasm\WasmSharp\WasmSharp.Core\WasmSharp.Core.csproj", "{90A96D48-A699-4EFE-BA25-B2E3780192C8}"
EndProject
Project("{FAE04EC0-301F-11D3-BF4B-00C04F79EFBC}") = "WasmSharp.CodeGen", "Module\target-wasm\WasmSharp\WasmSharp.CodeGen\WasmSharp.CodeGen.csproj", "{CF2E255D-52D2-4558-BCE5-B5DCF6F05C03}"
EndProject
Project("{FAE04EC0-301F-11D3-BF4B-00C04F79EFBC}") = "Abstract.Module.LLVM", "Module\target-LLVM\Abstract.Module.LLVM\Abstract.Module.LLVM.csproj", "{582FCAD3-DA14-46EB-B5DA-90E086325C81}"
EndProject
Global
	GlobalSection(SolutionConfigurationPlatforms) = preSolution
		Debug|Any CPU = Debug|Any CPU
		Release|Any CPU = Release|Any CPU
	EndGlobalSection
	GlobalSection(ProjectConfigurationPlatforms) = postSolution
		{B14A8944-BFA1-4DED-8879-5AF457BEF683}.Debug|Any CPU.ActiveCfg = Debug|Any CPU
		{B14A8944-BFA1-4DED-8879-5AF457BEF683}.Debug|Any CPU.Build.0 = Debug|Any CPU
		{B14A8944-BFA1-4DED-8879-5AF457BEF683}.Release|Any CPU.ActiveCfg = Release|Any CPU
		{B14A8944-BFA1-4DED-8879-5AF457BEF683}.Release|Any CPU.Build.0 = Release|Any CPU
		{33D3ABC6-11FB-4B6A-84BD-24FC700A51C4}.Debug|Any CPU.ActiveCfg = Debug|Any CPU
		{33D3ABC6-11FB-4B6A-84BD-24FC700A51C4}.Debug|Any CPU.Build.0 = Debug|Any CPU
		{33D3ABC6-11FB-4B6A-84BD-24FC700A51C4}.Release|Any CPU.ActiveCfg = Release|Any CPU
		{33D3ABC6-11FB-4B6A-84BD-24FC700A51C4}.Release|Any CPU.Build.0 = Release|Any CPU
		{D72DB715-83E2-4BFA-9A7F-E81B759E3D12}.Debug|Any CPU.ActiveCfg = Debug|Any CPU
		{D72DB715-83E2-4BFA-9A7F-E81B759E3D12}.Debug|Any CPU.Build.0 = Debug|Any CPU
		{D72DB715-83E2-4BFA-9A7F-E81B759E3D12}.Release|Any CPU.ActiveCfg = Release|Any CPU
		{D72DB715-83E2-4BFA-9A7F-E81B759E3D12}.Release|Any CPU.Build.0 = Release|Any CPU
		{E669E8A8-3B10-4862-AC02-701043BE80E3}.Debug|Any CPU.ActiveCfg = Debug|Any CPU
		{E669E8A8-3B10-4862-AC02-701043BE80E3}.Debug|Any CPU.Build.0 = Debug|Any CPU
		{E669E8A8-3B10-4862-AC02-701043BE80E3}.Release|Any CPU.ActiveCfg = Release|Any CPU
		{E669E8A8-3B10-4862-AC02-701043BE80E3}.Release|Any CPU.Build.0 = Release|Any CPU
		{F0A306D9-4849-458B-AABB-EE35C454C9F4}.Debug|Any CPU.ActiveCfg = Debug|Any CPU
		{F0A306D9-4849-458B-AABB-EE35C454C9F4}.Debug|Any CPU.Build.0 = Debug|Any CPU
		{F0A306D9-4849-458B-AABB-EE35C454C9F4}.Release|Any CPU.ActiveCfg = Release|Any CPU
		{F0A306D9-4849-458B-AABB-EE35C454C9F4}.Release|Any CPU.Build.0 = Release|Any CPU
		{49974243-E407-488B-A5A6-4CDFE35F75B1}.Debug|Any CPU.ActiveCfg = Debug|Any CPU
		{49974243-E407-488B-A5A6-4CDFE35F75B1}.Debug|Any CPU.Build.0 = Debug|Any CPU
		{49974243-E407-488B-A5A6-4CDFE35F75B1}.Release|Any CPU.ActiveCfg = Release|Any CPU
		{49974243-E407-488B-A5A6-4CDFE35F75B1}.Release|Any CPU.Build.0 = Release|Any CPU
		{90A96D48-A699-4EFE-BA25-B2E3780192C8}.Debug|Any CPU.ActiveCfg = Debug|Any CPU
		{90A96D48-A699-4EFE-BA25-B2E3780192C8}.Debug|Any CPU.Build.0 = Debug|Any CPU
		{90A96D48-A699-4EFE-BA25-B2E3780192C8}.Release|Any CPU.ActiveCfg = Release|Any CPU
		{90A96D48-A699-4EFE-BA25-B2E3780192C8}.Release|Any CPU.Build.0 = Release|Any CPU
		{CF2E255D-52D2-4558-BCE5-B5DCF6F05C03}.Debug|Any CPU.ActiveCfg = Debug|Any CPU
		{CF2E255D-52D2-4558-BCE5-B5DCF6F05C03}.Debug|Any CPU.Build.0 = Debug|Any CPU
		{CF2E255D-52D2-4558-BCE5-B5DCF6F05C03}.Release|Any CPU.ActiveCfg = Release|Any CPU
		{CF2E255D-52D2-4558-BCE5-B5DCF6F05C03}.Release|Any CPU.Build.0 = Release|Any CPU
		{582FCAD3-DA14-46EB-B5DA-90E086325C81}.Debug|Any CPU.ActiveCfg = Debug|Any CPU
		{582FCAD3-DA14-46EB-B5DA-90E086325C81}.Debug|Any CPU.Build.0 = Debug|Any CPU
		{582FCAD3-DA14-46EB-B5DA-90E086325C81}.Release|Any CPU.ActiveCfg = Release|Any CPU
		{582FCAD3-DA14-46EB-B5DA-90E086325C81}.Release|Any CPU.Build.0 = Release|Any CPU
	EndGlobalSection
	GlobalSection(SolutionProperties) = preSolution
		HideSolutionNode = FALSE
	EndGlobalSection
	GlobalSection(NestedProjects) = preSolution
		{F0A306D9-4849-458B-AABB-EE35C454C9F4} = {86A86F49-4DC9-4B60-B456-49EDB8D74908}
		{49974243-E407-488B-A5A6-4CDFE35F75B1} = {86A86F49-4DC9-4B60-B456-49EDB8D74908}
		{90A96D48-A699-4EFE-BA25-B2E3780192C8} = {7C33F4F0-BE01-4E7E-8919-95BA9B4574B4}
		{CF2E255D-52D2-4558-BCE5-B5DCF6F05C03} = {7C33F4F0-BE01-4E7E-8919-95BA9B4574B4}
		{582FCAD3-DA14-46EB-B5DA-90E086325C81} = {86A86F49-4DC9-4B60-B456-49EDB8D74908}
	EndGlobalSection
	GlobalSection(ExtensibilityGlobals) = postSolution
		SolutionGuid = {EE39FF52-3B11-4E55-B8E4-8F17173A6EF2}
	EndGlobalSection
EndGlobal
